
Microsoft Visual Studio Solution File, Format Version 12.00
Project("{2150E333-8FDC-42A3-9474-1A3956D46DE8}") = "src", "src", "{09AC1B1D-4131-4C67-8569-F31D327AF731}"
EndProject
Project("{2150E333-8FDC-42A3-9474-1A3956D46DE8}") = "Libs", "Libs", "{0919178A-30D9-4B53-A948-EB884A5C64E8}"
EndProject
Project("{FAE04EC0-301F-11D3-BF4B-00C04F79EFBC}") = "Business.Api", "src\Business.Api\Business.Api.csproj", "{FE99EA27-60FF-4549-B6FD-F7CB281D5C73}"
EndProject
Project("{FAE04EC0-301F-11D3-BF4B-00C04F79EFBC}") = "Business.Web", "src\Business.Web\Business.Web.csproj", "{4491F304-D50E-4D50-A5BF-20EFDC3934DA}"
EndProject
Project("{FAE04EC0-301F-11D3-BF4B-00C04F79EFBC}") = "Repository", "src\Libs\Repository\Repository.csproj", "{8D09D115-A964-4865-8C43-35B1B2214B2E}"
EndProject
Global
	GlobalSection(SolutionConfigurationPlatforms) = preSolution
		Debug|Any CPU = Debug|Any CPU
		Release|Any CPU = Release|Any CPU
	EndGlobalSection
	GlobalSection(ProjectConfigurationPlatforms) = postSolution
		{FE99EA27-60FF-4549-B6FD-F7CB281D5C73}.Debug|Any CPU.ActiveCfg = Debug|Any CPU
		{FE99EA27-60FF-4549-B6FD-F7CB281D5C73}.Debug|Any CPU.Build.0 = Debug|Any CPU
		{FE99EA27-60FF-4549-B6FD-F7CB281D5C73}.Release|Any CPU.ActiveCfg = Release|Any CPU
		{FE99EA27-60FF-4549-B6FD-F7CB281D5C73}.Release|Any CPU.Build.0 = Release|Any CPU
		{4491F304-D50E-4D50-A5BF-20EFDC3934DA}.Debug|Any CPU.ActiveCfg = Debug|Any CPU
		{4491F304-D50E-4D50-A5BF-20EFDC3934DA}.Debug|Any CPU.Build.0 = Debug|Any CPU
		{4491F304-D50E-4D50-A5BF-20EFDC3934DA}.Release|Any CPU.ActiveCfg = Release|Any CPU
		{4491F304-D50E-4D50-A5BF-20EFDC3934DA}.Release|Any CPU.Build.0 = Release|Any CPU
		{8D09D115-A964-4865-8C43-35B1B2214B2E}.Debug|Any CPU.ActiveCfg = Debug|Any CPU
		{8D09D115-A964-4865-8C43-35B1B2214B2E}.Debug|Any CPU.Build.0 = Debug|Any CPU
		{8D09D115-A964-4865-8C43-35B1B2214B2E}.Release|Any CPU.ActiveCfg = Release|Any CPU
		{8D09D115-A964-4865-8C43-35B1B2214B2E}.Release|Any CPU.Build.0 = Release|Any CPU
	EndGlobalSection
	GlobalSection(NestedProjects) = preSolution
		{0919178A-30D9-4B53-A948-EB884A5C64E8} = {09AC1B1D-4131-4C67-8569-F31D327AF731}
		{FE99EA27-60FF-4549-B6FD-F7CB281D5C73} = {09AC1B1D-4131-4C67-8569-F31D327AF731}
		{4491F304-D50E-4D50-A5BF-20EFDC3934DA} = {09AC1B1D-4131-4C67-8569-F31D327AF731}
		{8D09D115-A964-4865-8C43-35B1B2214B2E} = {0919178A-30D9-4B53-A948-EB884A5C64E8}
	EndGlobalSection
EndGlobal
